{
  "name": "chatroom",
  "version": "1.0.0",
  "lockfileVersion": 1,
  "requires": true,
  "dependencies": {
    "@xmldom/xmldom": {
      "version": "0.8.5",
      "resolved": "https://registry.npmjs.org/@xmldom/xmldom/-/xmldom-0.8.5.tgz",
      "integrity": "sha512-0dpjDLeCXYThL2YhqZcd/spuwoH+dmnFoND9ZxZkAYxp1IJUB2GP16ow2MJRsjVxy8j1Qv8BJRmN5GKnbDKCmQ=="
    },
    "cos-wx-sdk-v5": {
      "version": "1.4.6",
      "resolved": "https://registry.npmjs.org/cos-wx-sdk-v5/-/cos-wx-sdk-v5-1.4.6.tgz",
      "integrity": "sha512-4grZ80Z+EPKV5agQQsJegQb1255r0cfTMfotoOaWx2bvwrYWtmqsPRIUtgtEXjW6OlVDaA9784liEe0B+ScUhg==",
      "requires": {
        "@xmldom/xmldom": "^0.8.2",
        "mime": "^2.4.6"
      }
    },
    "mime": {
      "version": "2.6.0",
      "resolved": "https://registry.npmjs.org/mime/-/mime-2.6.0.tgz",
      "integrity": "sha512-USPkMeET31rOMiarsBNIHZKLGgvKc/LrjofAnBlOttf5ajRvqiRA8QsenbcooctK6d6Ts6aqZXBA+XbkKthiQg=="
    },
    "tim-wx-sdk": {
      "version": "2.6.0",
      "resolved": "https://registry.npmjs.org/tim-wx-sdk/-/tim-wx-sdk-2.6.0.tgz",
      "integrity": "sha512-RQB6d3uKJ1wpkep8RDeQcZbIuICL6v+BbOYxbLSJ1ikAvXxugg3/DRZ2CskclUi7pMMqkSk12PCM+qVt6EE1Sw=="
    }
  }
}
