{
  "name": "chatroom",
  "version": "1.0.0",
  "lockfileVersion": 1,
  "requires": true,
  "dependencies": {
    "cos-wx-sdk-v5": {
      "version": "0.7.10",
      "resolved": "https://registry.npmjs.org/cos-wx-sdk-v5/-/cos-wx-sdk-v5-0.7.10.tgz",
      "integrity": "sha512-q7LtOF2SHuxMN1VAxV5ZW+pk8VshjzEwyPCCl/1BG/2gWU+MWn4GmDDv7xE061xhbM9nZIRF+kE+40HVAMuaww==",
      "requires": {
        "xmldom": "^0.1.27"
      }
    },
    "tim-wx-sdk": {
      "version": "2.6.0",
      "resolved": "https://registry.npmjs.org/tim-wx-sdk/-/tim-wx-sdk-2.6.0.tgz",
      "integrity": "sha512-RQB6d3uKJ1wpkep8RDeQcZbIuICL6v+BbOYxbLSJ1ikAvXxugg3/DRZ2CskclUi7pMMqkSk12PCM+qVt6EE1Sw=="
    },
    "xmldom": {
      "version": "0.1.31",
      "resolved": "https://registry.npmjs.org/xmldom/-/xmldom-0.1.31.tgz",
      "integrity": "sha512-yS2uJflVQs6n+CyjHoaBmVSqIDevTAWrzMmjG1Gc7h1qQ7uVozNhEPJAwZXWyGQ/Gafo3fCwrcaokezLPupVyQ=="
    }
  }
}
